
Microsoft Visual Studio Solution File, Format Version 12.00
# Visual Studio Version 17
VisualStudioVersion = 17.9.34728.123
MinimumVisualStudioVersion = 10.0.40219.1
Project("{FAE04EC0-301F-11D3-BF4B-00C04F79EFBC}") = "ApiRest", "ApiRest\ApiRest.csproj", "{9EE9C882-CDF9-488D-A32B-5330980C1133}"
EndProject
Project("{FAE04EC0-301F-11D3-BF4B-00C04F79EFBC}") = "Entidades", "Entidades\Entidades.csproj", "{3650577D-D488-42B1-BF1C-8CA3DD9C0439}"
EndProject
Global
	GlobalSection(SolutionConfigurationPlatforms) = preSolution
		Debug|Any CPU = Debug|Any CPU
		Release|Any CPU = Release|Any CPU
	EndGlobalSection
	GlobalSection(ProjectConfigurationPlatforms) = postSolution
		{9EE9C882-CDF9-488D-A32B-5330980C1133}.Debug|Any CPU.ActiveCfg = Debug|Any CPU
		{9EE9C882-CDF9-488D-A32B-5330980C1133}.Debug|Any CPU.Build.0 = Debug|Any CPU
		{9EE9C882-CDF9-488D-A32B-5330980C1133}.Release|Any CPU.ActiveCfg = Release|Any CPU
		{9EE9C882-CDF9-488D-A32B-5330980C1133}.Release|Any CPU.Build.0 = Release|Any CPU
		{3650577D-D488-42B1-BF1C-8CA3DD9C0439}.Debug|Any CPU.ActiveCfg = Debug|Any CPU
		{3650577D-D488-42B1-BF1C-8CA3DD9C0439}.Debug|Any CPU.Build.0 = Debug|Any CPU
		{3650577D-D488-42B1-BF1C-8CA3DD9C0439}.Release|Any CPU.ActiveCfg = Release|Any CPU
		{3650577D-D488-42B1-BF1C-8CA3DD9C0439}.Release|Any CPU.Build.0 = Release|Any CPU
	EndGlobalSection
	GlobalSection(SolutionProperties) = preSolution
		HideSolutionNode = FALSE
	EndGlobalSection
	GlobalSection(ExtensibilityGlobals) = postSolution
		SolutionGuid = {67E2A971-95AC-46AF-AC5F-CB2B643676CA}
	EndGlobalSection
EndGlobal
